
Microsoft Visual Studio Solution File, Format Version 12.00
# Visual Studio Version 16
VisualStudioVersion = 16.0.30413.136
MinimumVisualStudioVersion = 10.0.40219.1
Project("{FAE04EC0-301F-11D3-BF4B-00C04F79EFBC}") = "YildirimHoldingTest", "YildirimHoldingTest\YildirimHoldingTest.csproj", "{3EBBB7BA-0A0B-44A3-AAC6-DDF266D2F134}"
EndProject
Global
	GlobalSection(SolutionConfigurationPlatforms) = preSolution
		Debug|Any CPU = Debug|Any CPU
		Release|Any CPU = Release|Any CPU
	EndGlobalSection
	GlobalSection(ProjectConfigurationPlatforms) = postSolution
		{3EBBB7BA-0A0B-44A3-AAC6-DDF266D2F134}.Debug|Any CPU.ActiveCfg = Debug|Any CPU
		{3EBBB7BA-0A0B-44A3-AAC6-DDF266D2F134}.Debug|Any CPU.Build.0 = Debug|Any CPU
		{3EBBB7BA-0A0B-44A3-AAC6-DDF266D2F134}.Release|Any CPU.ActiveCfg = Release|Any CPU
		{3EBBB7BA-0A0B-44A3-AAC6-DDF266D2F134}.Release|Any CPU.Build.0 = Release|Any CPU
	EndGlobalSection
	GlobalSection(SolutionProperties) = preSolution
		HideSolutionNode = FALSE
	EndGlobalSection
	GlobalSection(ExtensibilityGlobals) = postSolution
		SolutionGuid = {EA4F775D-F8B7-4B5C-8C0A-8C37581EB95D}
	EndGlobalSection
EndGlobal
